
Microsoft Visual Studio Solution File, Format Version 12.00
# Visual Studio 2013
VisualStudioVersion = 12.0.31101.0
MinimumVisualStudioVersion = 10.0.40219.1
Project("{FAE04EC0-301F-11D3-BF4B-00C04F79EFBC}") = "ShoppingCenterDAL", "ShoppingCenterDAL\ShoppingCenterDAL.csproj", "{6686D38F-4CDA-4B57-87E6-4C8C8A8D08D5}"
EndProject
Project("{FAE04EC0-301F-11D3-BF4B-00C04F79EFBC}") = "ShoppingCenterBOL", "ShoppingCenterBOL\ShoppingCenterBOL.csproj", "{73756F87-428A-49EB-B561-97EF2A48C15C}"
EndProject
Project("{FAE04EC0-301F-11D3-BF4B-00C04F79EFBC}") = "ShoppingCenterWCFServiceLibrary", "ShoppingCenterWCFServiceLibrary\ShoppingCenterWCFServiceLibrary.csproj", "{1FB48A67-5337-492D-A0F2-B73AFFF96FB4}"
EndProject
Global
	GlobalSection(SolutionConfigurationPlatforms) = preSolution
		Debug|Any CPU = Debug|Any CPU
		Release|Any CPU = Release|Any CPU
	EndGlobalSection
	GlobalSection(ProjectConfigurationPlatforms) = postSolution
		{6686D38F-4CDA-4B57-87E6-4C8C8A8D08D5}.Debug|Any CPU.ActiveCfg = Debug|Any CPU
		{6686D38F-4CDA-4B57-87E6-4C8C8A8D08D5}.Debug|Any CPU.Build.0 = Debug|Any CPU
		{6686D38F-4CDA-4B57-87E6-4C8C8A8D08D5}.Release|Any CPU.ActiveCfg = Release|Any CPU
		{6686D38F-4CDA-4B57-87E6-4C8C8A8D08D5}.Release|Any CPU.Build.0 = Release|Any CPU
		{73756F87-428A-49EB-B561-97EF2A48C15C}.Debug|Any CPU.ActiveCfg = Debug|Any CPU
		{73756F87-428A-49EB-B561-97EF2A48C15C}.Debug|Any CPU.Build.0 = Debug|Any CPU
		{73756F87-428A-49EB-B561-97EF2A48C15C}.Release|Any CPU.ActiveCfg = Release|Any CPU
		{73756F87-428A-49EB-B561-97EF2A48C15C}.Release|Any CPU.Build.0 = Release|Any CPU
		{1FB48A67-5337-492D-A0F2-B73AFFF96FB4}.Debug|Any CPU.ActiveCfg = Debug|Any CPU
		{1FB48A67-5337-492D-A0F2-B73AFFF96FB4}.Debug|Any CPU.Build.0 = Debug|Any CPU
		{1FB48A67-5337-492D-A0F2-B73AFFF96FB4}.Release|Any CPU.ActiveCfg = Release|Any CPU
		{1FB48A67-5337-492D-A0F2-B73AFFF96FB4}.Release|Any CPU.Build.0 = Release|Any CPU
	EndGlobalSection
	GlobalSection(SolutionProperties) = preSolution
		HideSolutionNode = FALSE
	EndGlobalSection
EndGlobal
